{
    "_meta": {
        "hash": {
            "sha256": "7b138fda229048c1ff9af663c8d63ac880b2377ab7e42ff6691e67b2eee9f09a"
        },
        "pipfile-spec": 6,
        "requires": {
            "python_version": ">=3.6"
        },
        "sources": [
            {
                "name": "pypi",
                "url": "https://pypi.org/simple",
                "verify_ssl": true
            }
        ]
    },
    "default": {
        "beautifulsoup4": {
            "hashes": [
                "sha256:4c98143716ef1cb40bf7f39a8e3eec8f8b009509e74904ba3a7b315431577e35",
                "sha256:84729e322ad1d5b4d25f805bfa05b902dd96450f43842c4e99067d5e1369eb25",
                "sha256:fff47e031e34ec82bf17e00da8f592fe7de69aeea38be00523c04623c04fb666"
            ],
            "index": "pypi",
            "version": "==4.9.3"
        },
        "certifi": {
            "hashes": [
                "sha256:0d9c601124e5a6ba9712dbc60d9c53c21e34f5f641fe83002317394311bdce14",
                "sha256:90c1a32f1d68f940488354e36370f6cca89f0f106db09518524c88d6ed83f382"
            ],
            "markers": "python_version >= '3.6'",
            "version": "==2022.9.24"
        },
        "chardet": {
            "hashes": [
                "sha256:0d6f53a15db4120f2b08c94f11e7d93d2c911ee118b6b30a04ec3ee8310179fa",
                "sha256:f864054d66fd9118f2e67044ac8981a54775ec5b67aed0441892edb553d21da5"
            ],
            "markers": "python_version >= '2.7' and python_version not in '3.0, 3.1, 3.2, 3.3, 3.4'",
            "version": "==4.0.0"
        },
        "cloudscraper": {
            "hashes": [
                "sha256:674fd739f9412188aae8d6614e3e6316939fc0670ef5646abd3d316f1a59d3c2",
                "sha256:dda29028c5628b5ba3e4dc43816ed38fd46bd945ef938c420f185586a6d8dff2"
            ],
            "index": "pypi",
            "version": "==1.2.58"
        },
        "idna": {
            "hashes": [
                "sha256:b307872f855b18632ce0c21c5e45be78c0ea7ae4c15c828c20788b26921eb3f6",
                "sha256:b97d804b1e9b523befed77c48dacec60e6dcb0b5391d57af6a65a312a90648c0"
            ],
            "markers": "python_version >= '2.7' and python_version not in '3.0, 3.1, 3.2, 3.3'",
            "version": "==2.10"
        },
        "iso8601": {
            "hashes": [
                "sha256:32811e7b81deee2063ea6d2e94f8819a86d1f3811e49d23623a41fa832bef03f",
                "sha256:8400e90141bf792bce2634df533dc57e3bee19ea120a87bebcd3da89a58ad73f"
            ],
            "markers": "python_full_version >= '3.6.2' and python_version < '4.0'",
            "version": "==1.1.0"
        },
        "m3u8": {
            "hashes": [
                "sha256:b598ee0c8f786d3646d19ad2617aacea8406b43b75ed315851a4230d6b922b55",
                "sha256:ba3b4d4eef03a3be94b120fb5d53334d43805b5968ca6097f76d8a738684be4b"
            ],
            "index": "pypi",
            "version": "==0.8.0"
        },
        "pycryptodome": {
            "hashes": [
                "sha256:045d75527241d17e6ef13636d845a12e54660aa82e823b3b3341bcf5af03fa79",
                "sha256:0926f7cc3735033061ef3cf27ed16faad6544b14666410727b31fea85a5b16eb",
                "sha256:092a26e78b73f2530b8bd6b3898e7453ab2f36e42fd85097d705d6aba2ec3e5e",
                "sha256:1b22bcd9ec55e9c74927f6b1f69843cb256fb5a465088ce62837f793d9ffea88",
                "sha256:2aa55aae81f935a08d5a3c2042eb81741a43e044bd8a81ea7239448ad751f763",
                "sha256:2ea63d46157386c5053cfebcdd9bd8e0c8b7b0ac4a0507a027f5174929403884",
                "sha256:2ec709b0a58b539a4f9d33fb8508264c3678d7edb33a68b8906ba914f71e8c13",
                "sha256:2ffd8b31561455453ca9f62cb4c24e6b8d119d6d531087af5f14b64bee2c23e6",
                "sha256:4b52cb18b0ad46087caeb37a15e08040f3b4c2d444d58371b6f5d786d95534c2",
                "sha256:4c3ccad74eeb7b001f3538643c4225eac398c77d617ebb3e57571a897943c667",
                "sha256:5099c9ca345b2f252f0c28e96904643153bae9258647585e5e6f649bb7a1844a",
                "sha256:57f565acd2f0cf6fb3e1ba553d0cb1f33405ec1f9c5ded9b9a0a5320f2c0bd3d",
                "sha256:60b4faae330c3624cc5a546ba9cfd7b8273995a15de94ee4538130d74953ec2e",
                "sha256:7c9ed8aa31c146bef65d89a1b655f5f4eab5e1120f55fc297713c89c9e56ff0b",
                "sha256:7e3a8f6ee405b3bd1c4da371b93c31f7027944b2bcce0697022801db93120d83",
                "sha256:9135dddad504592bcc18b0d2d95ce86c3a5ea87ec6447ef25cfedea12d6018b8",
                "sha256:9c772c485b27967514d0df1458b56875f4b6d025566bf27399d0c239ff1b369f",
                "sha256:9eaadc058106344a566dc51d3d3a758ab07f8edde013712bc8d22032a86b264f",
                "sha256:9ee40e2168f1348ae476676a2e938ca80a2f57b14a249d8fe0d3cdf803e5a676",
                "sha256:a8f06611e691c2ce45ca09bbf983e2ff2f8f4f87313609d80c125aff9fad6e7f",
                "sha256:b9c5b1a1977491533dfd31e01550ee36ae0249d78aae7f632590db833a5012b8",
                "sha256:b9cc96e274b253e47ad33ae1fccc36ea386f5251a823ccb50593a935db47fdd2",
                "sha256:c3640deff4197fa064295aaac10ab49a0d55ef3d6a54ae1499c40d646655c89f",
                "sha256:c77126899c4b9c9827ddf50565e93955cb3996813c18900c16b2ea0474e130e9",
                "sha256:d2a39a66057ab191e5c27211a7daf8f0737f23acbf6b3562b25a62df65ffcb7b",
                "sha256:e244ab85c422260de91cda6379e8e986405b4f13dc97d2876497178707f87fc1",
                "sha256:ecaaef2d21b365d9c5ca8427ffc10cebed9d9102749fd502218c23cb9a05feb5",
                "sha256:fd2184aae6ee2a944aaa49113e6f5787cdc5e4db1eb8edb1aea914bd75f33a0c",
                "sha256:ff287bcba9fbeb4f1cccc1f2e90a08d691480735a611ee83c80a7d74ad72b9d9",
                "sha256:ff7ae90e36c1715a54446e7872b76102baa5c63aa980917f4aa45e8c78d1a3ec"
            ],
            "index": "pypi",
            "version": "==3.15.0"
        },
        "pyparsing": {
            "hashes": [
                "sha256:2b020ecf7d21b687f219b71ecad3631f644a47f01403fa1d1036b0c6416d70fb",
                "sha256:5026bae9a10eeaefb61dab2f09052b9f4307d44aee4eda64b309723d8d206bbc"
            ],
            "markers": "python_full_version >= '3.6.8'",
            "version": "==3.0.9"
        },
        "requests": {
            "hashes": [
                "sha256:27973dd4a904a4f13b263a19c866c13b92a39ed1c964655f025f3f8d3d75b804",
                "sha256:c210084e36a42ae6b9219e00e48287def368a26d03a048ddad7bfee44f75871e"
            ],
            "index": "pypi",
            "version": "==2.25.1"
        },
        "requests-toolbelt": {
            "hashes": [
                "sha256:64c6b8c51b515d123f9f708a29743f44eb70c4479440641ed2df8c4dea56d985",
                "sha256:f695d6207931200b46c8ef6addbc8a921fb5d77cc4cd209c2e7d39293fcd2b30"
            ],
            "markers": "python_version >= '2.7' and python_version not in '3.0, 3.1, 3.2, 3.3'",
            "version": "==0.10.0"
        },
        "soupsieve": {
            "hashes": [
                "sha256:3b2503d3c7084a42b1ebd08116e5f81aadfaea95863628c80a3b774a11b7c759",
                "sha256:fc53893b3da2c33de295667a0e19f078c14bf86544af307354de5fcf12a3f30d"
            ],
            "markers": "python_version >= '3.0'",
            "version": "==2.3.2.post1"
        },
        "urllib3": {
            "hashes": [
                "sha256:3fa96cf423e6987997fc326ae8df396db2a8b7c667747d47ddd8ecba91f4a74e",
                "sha256:b930dd878d5a8afb066a637fbb35144fe7901e3b209d1cd4f524bd0e9deee997"
            ],
            "markers": "python_version >= '2.7' and python_version not in '3.0, 3.1, 3.2, 3.3, 3.4, 3.5' and python_version < '4'",
            "version": "==1.26.12"
        }
    },
    "develop": {}
}
